// !$*UTF8*$!
{
	archiveVersion = 1;
	classes = {
	};
	objectVersion = 46;
	objects = {

/* Begin PBXBuildFile section */
		3D4246051B94A8AA00164C5A /* AppDelegate.swift in Sources */ = {isa = PBXBuildFile; fileRef = 3D4246041B94A8AA00164C5A /* AppDelegate.swift */; };
		3D4246071B94A8AA00164C5A /* ViewController.swift in Sources */ = {isa = PBXBuildFile; fileRef = 3D4246061B94A8AA00164C5A /* ViewController.swift */; };
		3D42460A1B94A8AA00164C5A /* Main.storyboard in Resources */ = {isa = PBXBuildFile; fileRef = 3D4246081B94A8AA00164C5A /* Main.storyboard */; };
		3D42460C1B94A8AA00164C5A /* Images.xcassets in Resources */ = {isa = PBXBuildFile; fileRef = 3D42460B1B94A8AA00164C5A /* Images.xcassets */; };
		3D42460F1B94A8AA00164C5A /* LaunchScreen.xib in Resources */ = {isa = PBXBuildFile; fileRef = 3D42460D1B94A8AA00164C5A /* LaunchScreen.xib */; };
		3D42461B1B94A8AA00164C5A /* OrbitIndicatorTests.swift in Sources */ = {isa = PBXBuildFile; fileRef = 3D42461A1B94A8AA00164C5A /* OrbitIndicatorTests.swift */; };
/* End PBXBuildFile section */

/* Begin PBXContainerItemProxy section */
		3D4246151B94A8AA00164C5A /* PBXContainerItemProxy */ = {
			isa = PBXContainerItemProxy;
			containerPortal = 3D4245F71B94A8AA00164C5A /* Project object */;
			proxyType = 1;
			remoteGlobalIDString = 3D4245FE1B94A8AA00164C5A;
			remoteInfo = OrbitIndicator;
		};
/* End PBXContainerItemProxy section */

/* Begin PBXFileReference section */
		3D4245FF1B94A8AA00164C5A /* OrbitIndicator.app */ = {isa = PBXFileReference; explicitFileType = wrapper.application; includeInIndex = 0; path = OrbitIndicator.app; sourceTree = BUILT_PRODUCTS_DIR; };
		3D4246031B94A8AA00164C5A /* Info.plist */ = {isa = PBXFileReference; lastKnownFileType = text.plist.xml; path = Info.plist; sourceTree = "<group>"; };
		3D4246041B94A8AA00164C5A /* AppDelegate.swift */ = {isa = PBXFileReference; lastKnownFileType = sourcecode.swift; path = AppDelegate.swift; sourceTree = "<group>"; };
		3D4246061B94A8AA00164C5A /* ViewController.swift */ = {isa = PBXFileReference; lastKnownFileType = sourcecode.swift; path = ViewController.swift; sourceTree = "<group>"; };
		3D4246091B94A8AA00164C5A /* Base */ = {isa = PBXFileReference; lastKnownFileType = file.storyboard; name = Base; path = Base.lproj/Main.storyboard; sourceTree = "<group>"; };
		3D42460B1B94A8AA00164C5A /* Images.xcassets */ = {isa = PBXFileReference; lastKnownFileType = folder.assetcatalog; path = Images.xcassets; sourceTree = "<group>"; };
		3D42460E1B94A8AA00164C5A /* Base */ = {isa = PBXFileReference; lastKnownFileType = file.xib; name = Base; path = Base.lproj/LaunchScreen.xib; sourceTree = "<group>"; };
		3D4246141B94A8AA00164C5A /* OrbitIndicatorTests.xctest */ = {isa = PBXFileReference; explicitFileType = wrapper.cfbundle; includeInIndex = 0; path = OrbitIndicatorTests.xctest; sourceTree = BUILT_PRODUCTS_DIR; };
		3D4246191B94A8AA00164C5A /* Info.plist */ = {isa = PBXFileReference; lastKnownFileType = text.plist.xml; path = Info.plist; sourceTree = "<group>"; };
		3D42461A1B94A8AA00164C5A /* OrbitIndicatorTests.swift */ = {isa = PBXFileReference; lastKnownFileType = sourcecode.swift; path = OrbitIndicatorTests.swift; sourceTree = "<group>"; };
/* End PBXFileReference section */

/* Begin PBXFrameworksBuildPhase section */
		3D4245FC1B94A8AA00164C5A /* Frameworks */ = {
			isa = PBXFrameworksBuildPhase;
			buildActionMask = 2147483647;
			files = (
			);
			runOnlyForDeploymentPostprocessing = 0;
		};
		3D4246111B94A8AA00164C5A /* Frameworks */ = {
			isa = PBXFrameworksBuildPhase;
			buildActionMask = 2147483647;
			files = (
			);
			runOnlyForDeploymentPostprocessing = 0;
		};
/* End PBXFrameworksBuildPhase section */

/* Begin PBXGroup section */
		3D4245F61B94A8AA00164C5A = {
			isa = PBXGroup;
			children = (
				3D4246011B94A8AA00164C5A /* OrbitIndicator */,
				3D4246171B94A8AA00164C5A /* OrbitIndicatorTests */,
				3D4246001B94A8AA00164C5A /* Products */,
			);
			sourceTree = "<group>";
		};
		3D4246001B94A8AA00164C5A /* Products */ = {
			isa = PBXGroup;
			children = (
				3D4245FF1B94A8AA00164C5A /* OrbitIndicator.app */,
				3D4246141B94A8AA00164C5A /* OrbitIndicatorTests.xctest */,
			);
			name = Products;
			sourceTree = "<group>";
		};
		3D4246011B94A8AA00164C5A /* OrbitIndicator */ = {
			isa = PBXGroup;
			children = (
				3D4246041B94A8AA00164C5A /* AppDelegate.swift */,
				3D4246061B94A8AA00164C5A /* ViewController.swift */,
				3D4246081B94A8AA00164C5A /* Main.storyboard */,
				3D42460B1B94A8AA00164C5A /* Images.xcassets */,
				3D42460D1B94A8AA00164C5A /* LaunchScreen.xib */,
				3D4246021B94A8AA00164C5A /* Supporting Files */,
			);
			path = OrbitIndicator;
			sourceTree = "<group>";
		};
		3D4246021B94A8AA00164C5A /* Supporting Files */ = {
			isa = PBXGroup;
			children = (
				3D4246031B94A8AA00164C5A /* Info.plist */,
			);
			name = "Supporting Files";
			sourceTree = "<group>";
		};
		3D4246171B94A8AA00164C5A /* OrbitIndicatorTests */ = {
			isa = PBXGroup;
			children = (
				3D42461A1B94A8AA00164C5A /* OrbitIndicatorTests.swift */,
				3D4246181B94A8AA00164C5A /* Supporting Files */,
			);
			path = OrbitIndicatorTests;
			sourceTree = "<group>";
		};
		3D4246181B94A8AA00164C5A /* Supporting Files */ = {
			isa = PBXGroup;
			children = (
				3D4246191B94A8AA00164C5A /* Info.plist */,
			);
			name = "Supporting Files";
			sourceTree = "<group>";
		};
/* End PBXGroup section */

/* Begin PBXNativeTarget section */
		3D4245FE1B94A8AA00164C5A /* OrbitIndicator */ = {
			isa = PBXNativeTarget;
			buildConfigurationList = 3D42461E1B94A8AA00164C5A /* Build configuration list for PBXNativeTarget "OrbitIndicator" */;
			buildPhases = (
				3D4245FB1B94A8AA00164C5A /* Sources */,
				3D4245FC1B94A8AA00164C5A /* Frameworks */,
				3D4245FD1B94A8AA00164C5A /* Resources */,
			);
			buildRules = (
			);
			dependencies = (
			);
			name = OrbitIndicator;
			productName = OrbitIndicator;
			productReference = 3D4245FF1B94A8AA00164C5A /* OrbitIndicator.app */;
			productType = "com.apple.product-type.application";
		};
		3D4246131B94A8AA00164C5A /* OrbitIndicatorTests */ = {
			isa = PBXNativeTarget;
			buildConfigurationList = 3D4246211B94A8AA00164C5A /* Build configuration list for PBXNativeTarget "OrbitIndicatorTests" */;
			buildPhases = (
				3D4246101B94A8AA00164C5A /* Sources */,
				3D4246111B94A8AA00164C5A /* Frameworks */,
				3D4246121B94A8AA00164C5A /* Resources */,
			);
			buildRules = (
			);
			dependencies = (
				3D4246161B94A8AA00164C5A /* PBXTargetDependency */,
			);
			name = OrbitIndicatorTests;
			productName = OrbitIndicatorTests;
			productReference = 3D4246141B94A8AA00164C5A /* OrbitIndicatorTests.xctest */;
			productType = "com.apple.product-type.bundle.unit-test";
		};
/* End PBXNativeTarget section */

/* Begin PBXProject section */
		3D4245F71B94A8AA00164C5A /* Project object */ = {
			isa = PBXProject;
			attributes = {
				LastUpgradeCheck = 0640;
				ORGANIZATIONNAME = Puyan;
				TargetAttributes = {
					3D4245FE1B94A8AA00164C5A = {
						CreatedOnToolsVersion = 6.4;
					};
					3D4246131B94A8AA00164C5A = {
						CreatedOnToolsVersion = 6.4;
						TestTargetID = 3D4245FE1B94A8AA00164C5A;
					};
				};
			};
			buildConfigurationList = 3D4245FA1B94A8AA00164C5A /* Build configuration list for PBXProject "OrbitIndicator" */;
			compatibilityVersion = "Xcode 3.2";
			developmentRegion = English;
			hasScannedForEncodings = 0;
			knownRegions = (
				en,
				Base,
			);
			mainGroup = 3D4245F61B94A8AA00164C5A;
			productRefGroup = 3D4246001B94A8AA00164C5A /* Products */;
			projectDirPath = "";
			projectRoot = "";
			targets = (
				3D4245FE1B94A8AA00164C5A /* OrbitIndicator */,
				3D4246131B94A8AA00164C5A /* OrbitIndicatorTests */,
			);
		};
/* End PBXProject section */

/* Begin PBXResourcesBuildPhase section */
		3D4245FD1B94A8AA00164C5A /* Resources */ = {
			isa = PBXResourcesBuildPhase;
			buildActionMask = 2147483647;
			files = (
				3D42460A1B94A8AA00164C5A /* Main.storyboard in Resources */,
				3D42460F1B94A8AA00164C5A /* LaunchScreen.xib in Resources */,
				3D42460C1B94A8AA00164C5A /* Images.xcassets in Resources */,
			);
			runOnlyForDeploymentPostprocessing = 0;
		};
		3D4246121B94A8AA00164C5A /* Resources */ = {
			isa = PBXResourcesBuildPhase;
			buildActionMask = 2147483647;
			files = (
			);
			runOnlyForDeploymentPostprocessing = 0;
		};
/* End PBXResourcesBuildPhase section */

/* Begin PBXSourcesBuildPhase section */
		3D4245FB1B94A8AA00164C5A /* Sources */ = {
			isa = PBXSourcesBuildPhase;
			buildActionMask = 2147483647;
			files = (
				3D4246071B94A8AA00164C5A /* ViewController.swift in Sources */,
				3D4246051B94A8AA00164C5A /* AppDelegate.swift in Sources */,
			);
			runOnlyForDeploymentPostprocessing = 0;
		};
		3D4246101B94A8AA00164C5A /* Sources */ = {
			isa = PBXSourcesBuildPhase;
			buildActionMask = 2147483647;
			files = (
				3D42461B1B94A8AA00164C5A /* OrbitIndicatorTests.swift in Sources */,
			);
			runOnlyForDeploymentPostprocessing = 0;
		};
/* End PBXSourcesBuildPhase section */

/* Begin PBXTargetDependency section */
		3D4246161B94A8AA00164C5A /* PBXTargetDependency */ = {
			isa = PBXTargetDependency;
			target = 3D4245FE1B94A8AA00164C5A /* OrbitIndicator */;
			targetProxy = 3D4246151B94A8AA00164C5A /* PBXContainerItemProxy */;
		};
/* End PBXTargetDependency section */

/* Begin PBXVariantGroup section */
		3D4246081B94A8AA00164C5A /* Main.storyboard */ = {
			isa = PBXVariantGroup;
			children = (
				3D4246091B94A8AA00164C5A /* Base */,
			);
			name = Main.storyboard;
			sourceTree = "<group>";
		};
		3D42460D1B94A8AA00164C5A /* LaunchScreen.xib */ = {
			isa = PBXVariantGroup;
			children = (
				3D42460E1B94A8AA00164C5A /* Base */,
			);
			name = LaunchScreen.xib;
			sourceTree = "<group>";
		};
/* End PBXVariantGroup section */

/* Begin XCBuildConfiguration section */
		3D42461C1B94A8AA00164C5A /* Debug */ = {
			isa = XCBuildConfiguration;
			buildSettings = {
				ALWAYS_SEARCH_USER_PATHS = NO;
				CLANG_CXX_LANGUAGE_STANDARD = "gnu++0x";
				CLANG_CXX_LIBRARY = "libc++";
				CLANG_ENABLE_MODULES = YES;
				CLANG_ENABLE_OBJC_ARC = YES;
				CLANG_WARN_BOOL_CONVERSION = YES;
				CLANG_WARN_CONSTANT_CONVERSION = YES;
				CLANG_WARN_DIRECT_OBJC_ISA_USAGE = YES_ERROR;
				CLANG_WARN_EMPTY_BODY = YES;
				CLANG_WARN_ENUM_CONVERSION = YES;
				CLANG_WARN_INT_CONVERSION = YES;
				CLANG_WARN_OBJC_ROOT_CLASS = YES_ERROR;
				CLANG_WARN_UNREACHABLE_CODE = YES;
				CLANG_WARN__DUPLICATE_METHOD_MATCH = YES;
				"CODE_SIGN_IDENTITY[sdk=iphoneos*]" = "iPhone Developer";
				COPY_PHASE_STRIP = NO;
				DEBUG_INFORMATION_FORMAT = "dwarf-with-dsym";
				ENABLE_STRICT_OBJC_MSGSEND = YES;
				GCC_C_LANGUAGE_STANDARD = gnu99;
				GCC_DYNAMIC_NO_PIC = NO;
				GCC_NO_COMMON_BLOCKS = YES;
				GCC_OPTIMIZATION_LEVEL = 0;
				GCC_PREPROCESSOR_DEFINITIONS = (
					"DEBUG=1",
					"$(inherited)",
				);
				GCC_SYMBOLS_PRIVATE_EXTERN = NO;
				GCC_WARN_64_TO_32_BIT_CONVERSION = YES;
				GCC_WARN_ABOUT_RETURN_TYPE = YES_ERROR;
				GCC_WARN_UNDECLARED_SELECTOR = YES;
				GCC_WARN_UNINITIALIZED_AUTOS = YES_AGGRESSIVE;
				GCC_WARN_UNUSED_FUNCTION = YES;
				GCC_WARN_UNUSED_VARIABLE = YES;
				IPHONEOS_DEPLOYMENT_TARGET = 8.4;
				MTL_ENABLE_DEBUG_INFO = YES;
				ONLY_ACTIVE_ARCH = YES;
				SDKROOT = iphoneos;
				SWIFT_OPTIMIZATION_LEVEL = "-Onone";
				TARGETED_DEVICE_FAMILY = "1,2";
			};
			name = Debug;
		};
		3D42461D1B94A8AA00164C5A /* Release */ = {
			isa = XCBuildConfiguration;
			buildSettings = {
				ALWAYS_SEARCH_USER_PATHS = NO;
				CLANG_CXX_LANGUAGE_STANDARD = "gnu++0x";
				CLANG_CXX_LIBRARY = "libc++";
				CLANG_ENABLE_MODULES = YES;
				CLANG_ENABLE_OBJC_ARC = YES;
				CLANG_WARN_BOOL_CONVERSION = YES;
				CLANG_WARN_CONSTANT_CONVERSION = YES;
				CLANG_WARN_DIRECT_OBJC_ISA_USAGE = YES_ERROR;
				CLANG_WARN_EMPTY_BODY = YES;
				CLANG_WARN_ENUM_CONVERSION = YES;
				CLANG_WARN_INT_CONVERSION = YES;
				CLANG_WARN_OBJC_ROOT_CLASS = YES_ERROR;
				CLANG_WARN_UNREACHABLE_CODE = YES;
				CLANG_WARN__DUPLICATE_METHOD_MATCH = YES;
				"CODE_SIGN_IDENTITY[sdk=iphoneos*]" = "iPhone Developer";
				COPY_PHASE_STRIP = NO;
				DEBUG_INFORMATION_FORMAT = "dwarf-with-dsym";
				ENABLE_NS_ASSERTIONS = NO;
				ENABLE_STRICT_OBJC_MSGSEND = YES;
				GCC_C_LANGUAGE_STANDARD = gnu99;
				GCC_NO_COMMON_BLOCKS = YES;
				GCC_WARN_64_TO_32_BIT_CONVERSION = YES;
				GCC_WARN_ABOUT_RETURN_TYPE = YES_ERROR;
				GCC_WARN_UNDECLARED_SELECTOR = YES;
				GCC_WARN_UNINITIALIZED_AUTOS = YES_AGGRESSIVE;
				GCC_WARN_UNUSED_FUNCTION = YES;
				GCC_WARN_UNUSED_VARIABLE = YES;
				IPHONEOS_DEPLOYMENT_TARGET = 8.4;
				MTL_ENABLE_DEBUG_INFO = NO;
				SDKROOT = iphoneos;
				TARGETED_DEVICE_FAMILY = "1,2";
				VALIDATE_PRODUCT = YES;
			};
			name = Release;
		};
		3D42461F1B94A8AA00164C5A /* Debug */ = {
			isa = XCBuildConfiguration;
			buildSettings = {
				ASSETCATALOG_COMPILER_APPICON_NAME = AppIcon;
				INFOPLIST_FILE = OrbitIndicator/Info.plist;
				LD_RUNPATH_SEARCH_PATHS = "$(inherited) @executable_path/Frameworks";
				PRODUCT_NAME = "$(TARGET_NAME)";
			};
			name = Debug;
		};
		3D4246201B94A8AA00164C5A /* Release */ = {
			isa = XCBuildConfiguration;
			buildSettings = {
				ASSETCATALOG_COMPILER_APPICON_NAME = AppIcon;
				INFOPLIST_FILE = OrbitIndicator/Info.plist;
				LD_RUNPATH_SEARCH_PATHS = "$(inherited) @executable_path/Frameworks";
				PRODUCT_NAME = "$(TARGET_NAME)";
			};
			name = Release;
		};
		3D4246221B94A8AA00164C5A /* Debug */ = {
			isa = XCBuildConfiguration;
			buildSettings = {
				BUNDLE_LOADER = "$(TEST_HOST)";
				FRAMEWORK_SEARCH_PATHS = (
					"$(SDKROOT)/Developer/Library/Frameworks",
					"$(inherited)",
				);
				GCC_PREPROCESSOR_DEFINITIONS = (
					"DEBUG=1",
					"$(inherited)",
				);
				INFOPLIST_FILE = OrbitIndicatorTests/Info.plist;
				LD_RUNPATH_SEARCH_PATHS = "$(inherited) @executable_path/Frameworks @loader_path/Frameworks";
				PRODUCT_NAME = "$(TARGET_NAME)";
				TEST_HOST = "$(BUILT_PRODUCTS_DIR)/OrbitIndicator.app/OrbitIndicator";
			};
			name = Debug;
		};
		3D4246231B94A8AA00164C5A /* Release */ = {
			isa = XCBuildConfiguration;
			buildSettings = {
				BUNDLE_LOADER = "$(TEST_HOST)";
				FRAMEWORK_SEARCH_PATHS = (
					"$(SDKROOT)/Developer/Library/Frameworks",
					"$(inherited)",
				);
				INFOPLIST_FILE = OrbitIndicatorTests/Info.plist;
				LD_RUNPATH_SEARCH_PATHS = "$(inherited) @executable_path/Frameworks @loader_path/Frameworks";
				PRODUCT_NAME = "$(TARGET_NAME)";
				TEST_HOST = "$(BUILT_PRODUCTS_DIR)/OrbitIndicator.app/OrbitIndicator";
			};
			name = Release;
		};
/* End XCBuildConfiguration section */

/* Begin XCConfigurationList section */
		3D4245FA1B94A8AA00164C5A /* Build configuration list for PBXProject "OrbitIndicator" */ = {
			isa = XCConfigurationList;
			buildConfigurations = (
				3D42461C1B94A8AA00164C5A /* Debug */,
				3D42461D1B94A8AA00164C5A /* Release */,
			);
			defaultConfigurationIsVisible = 0;
			defaultConfigurationName = Release;
		};
		3D42461E1B94A8AA00164C5A /* Build configuration list for PBXNativeTarget "OrbitIndicator" */ = {
			isa = XCConfigurationList;
			buildConfigurations = (
				3D42461F1B94A8AA00164C5A /* Debug */,
				3D4246201B94A8AA00164C5A /* Release */,
			);
			defaultConfigurationIsVisible = 0;
		};
		3D4246211B94A8AA00164C5A /* Build configuration list for PBXNativeTarget "OrbitIndicatorTests" */ = {
			isa = XCConfigurationList;
			buildConfigurations = (
				3D4246221B94A8AA00164C5A /* Debug */,
				3D4246231B94A8AA00164C5A /* Release */,
			);
			defaultConfigurationIsVisible = 0;
		};
/* End XCConfigurationList section */
	};
	rootObject = 3D4245F71B94A8AA00164C5A /* Project object */;
}
